
Microsoft Visual Studio Solution File, Format Version 12.00
# Visual Studio Version 17
VisualStudioVersion = 17.7.34202.233
MinimumVisualStudioVersion = 10.0.40219.1
Project("{FAE04EC0-301F-11D3-BF4B-00C04F79EFBC}") = "DetantModalExample", "DetantModalExample\DetantModalExample.csproj", "{374D14BF-2150-4C5F-85A7-CE4B3C6BF0E6}"
EndProject
Global
	GlobalSection(SolutionConfigurationPlatforms) = preSolution
		Debug|Any CPU = Debug|Any CPU
		Release|Any CPU = Release|Any CPU
	EndGlobalSection
	GlobalSection(ProjectConfigurationPlatforms) = postSolution
		{374D14BF-2150-4C5F-85A7-CE4B3C6BF0E6}.Debug|Any CPU.ActiveCfg = Debug|Any CPU
		{374D14BF-2150-4C5F-85A7-CE4B3C6BF0E6}.Debug|Any CPU.Build.0 = Debug|Any CPU
		{374D14BF-2150-4C5F-85A7-CE4B3C6BF0E6}.Debug|Any CPU.Deploy.0 = Debug|Any CPU
		{374D14BF-2150-4C5F-85A7-CE4B3C6BF0E6}.Release|Any CPU.ActiveCfg = Release|Any CPU
		{374D14BF-2150-4C5F-85A7-CE4B3C6BF0E6}.Release|Any CPU.Build.0 = Release|Any CPU
		{374D14BF-2150-4C5F-85A7-CE4B3C6BF0E6}.Release|Any CPU.Deploy.0 = Release|Any CPU
	EndGlobalSection
	GlobalSection(SolutionProperties) = preSolution
		HideSolutionNode = FALSE
	EndGlobalSection
	GlobalSection(ExtensibilityGlobals) = postSolution
		SolutionGuid = {D388A442-EC8A-41B4-88CE-643F36F9E974}
	EndGlobalSection
EndGlobal
